
Microsoft Visual Studio Solution File, Format Version 12.00
# Visual Studio 15
VisualStudioVersion = 15.0.27130.2024
MinimumVisualStudioVersion = 10.0.40219.1
Project("{FAE04EC0-301F-11D3-BF4B-00C04F79EFBC}") = "NotificationService", "NotificationService\NotificationService.csproj", "{0EE563E1-66F3-4CFD-A5B6-CBBFC86BC318}"
EndProject
Global
	GlobalSection(SolutionConfigurationPlatforms) = preSolution
		Debug|Any CPU = Debug|Any CPU
		Release|Any CPU = Release|Any CPU
	EndGlobalSection
	GlobalSection(ProjectConfigurationPlatforms) = postSolution
		{0EE563E1-66F3-4CFD-A5B6-CBBFC86BC318}.Debug|Any CPU.ActiveCfg = Debug|Any CPU
		{0EE563E1-66F3-4CFD-A5B6-CBBFC86BC318}.Debug|Any CPU.Build.0 = Debug|Any CPU
		{0EE563E1-66F3-4CFD-A5B6-CBBFC86BC318}.Release|Any CPU.ActiveCfg = Release|Any CPU
		{0EE563E1-66F3-4CFD-A5B6-CBBFC86BC318}.Release|Any CPU.Build.0 = Release|Any CPU
	EndGlobalSection
	GlobalSection(SolutionProperties) = preSolution
		HideSolutionNode = FALSE
	EndGlobalSection
	GlobalSection(ExtensibilityGlobals) = postSolution
		SolutionGuid = {CA676067-6A45-4326-A088-92ED30B647D4}
	EndGlobalSection
EndGlobal
